
Microsoft Visual Studio Solution File, Format Version 12.00
# Visual Studio Version 17
VisualStudioVersion = 17.7.34031.279
MinimumVisualStudioVersion = 10.0.40219.1
Project("{FAE04EC0-301F-11D3-BF4B-00C04F79EFBC}") = "Phase1Section4.11", "Phase1Section4.11\Phase1Section4.11.csproj", "{0423DDB8-3613-490E-874C-A0597C48FE14}"
EndProject
Global
	GlobalSection(SolutionConfigurationPlatforms) = preSolution
		Debug|Any CPU = Debug|Any CPU
		Release|Any CPU = Release|Any CPU
	EndGlobalSection
	GlobalSection(ProjectConfigurationPlatforms) = postSolution
		{0423DDB8-3613-490E-874C-A0597C48FE14}.Debug|Any CPU.ActiveCfg = Debug|Any CPU
		{0423DDB8-3613-490E-874C-A0597C48FE14}.Debug|Any CPU.Build.0 = Debug|Any CPU
		{0423DDB8-3613-490E-874C-A0597C48FE14}.Release|Any CPU.ActiveCfg = Release|Any CPU
		{0423DDB8-3613-490E-874C-A0597C48FE14}.Release|Any CPU.Build.0 = Release|Any CPU
	EndGlobalSection
	GlobalSection(SolutionProperties) = preSolution
		HideSolutionNode = FALSE
	EndGlobalSection
	GlobalSection(ExtensibilityGlobals) = postSolution
		SolutionGuid = {DB3BB580-0FB2-4653-ABA7-F6B800297504}
	EndGlobalSection
EndGlobal
